{
  "name": "leaders2024",
  "lockfileVersion": 2,
  "requires": true,
  "packages": {
    "": {
      "dependencies": {
        "@yandex/ymaps3-clusterer": "^0.0.9"
      }
    },
    "node_modules/@yandex/ymaps3-clusterer": {
      "version": "0.0.9",
      "resolved": "https://registry.npmjs.org/@yandex/ymaps3-clusterer/-/ymaps3-clusterer-0.0.9.tgz",
      "integrity": "sha512-MFcmZSI75bCm/yuzVWTaoa/yTX2O4WiKeZVRxHkspx2odP4R5qfaKFzmHmb7uSyt0kDvTiDgxb1OFhOIP9jmww=="
    }
  },
  "dependencies": {
    "@yandex/ymaps3-clusterer": {
      "version": "0.0.9",
      "resolved": "https://registry.npmjs.org/@yandex/ymaps3-clusterer/-/ymaps3-clusterer-0.0.9.tgz",
      "integrity": "sha512-MFcmZSI75bCm/yuzVWTaoa/yTX2O4WiKeZVRxHkspx2odP4R5qfaKFzmHmb7uSyt0kDvTiDgxb1OFhOIP9jmww=="
    }
  }
}
